
Microsoft Visual Studio Solution File, Format Version 12.00
# Visual Studio Version 17
VisualStudioVersion = 17.9.34622.214
MinimumVisualStudioVersion = 10.0.40219.1
Project("{FAE04EC0-301F-11D3-BF4B-00C04F79EFBC}") = "transactionb2b", "transactionb2b.csproj", "{878D8E36-514B-4D6E-8510-E18D81C148B4}"
EndProject
Global
	GlobalSection(SolutionConfigurationPlatforms) = preSolution
		Debug|Any CPU = Debug|Any CPU
		Release|Any CPU = Release|Any CPU
	EndGlobalSection
	GlobalSection(ProjectConfigurationPlatforms) = postSolution
		{878D8E36-514B-4D6E-8510-E18D81C148B4}.Debug|Any CPU.ActiveCfg = Debug|Any CPU
		{878D8E36-514B-4D6E-8510-E18D81C148B4}.Debug|Any CPU.Build.0 = Debug|Any CPU
		{878D8E36-514B-4D6E-8510-E18D81C148B4}.Release|Any CPU.ActiveCfg = Release|Any CPU
		{878D8E36-514B-4D6E-8510-E18D81C148B4}.Release|Any CPU.Build.0 = Release|Any CPU
	EndGlobalSection
	GlobalSection(SolutionProperties) = preSolution
		HideSolutionNode = FALSE
	EndGlobalSection
	GlobalSection(ExtensibilityGlobals) = postSolution
		SolutionGuid = {8F26B9F5-BD4B-4ABA-8190-1CC4C0234862}
	EndGlobalSection
EndGlobal
